
Microsoft Visual Studio Solution File, Format Version 12.00
# Visual Studio Version 17
VisualStudioVersion = 17.2.32616.157
MinimumVisualStudioVersion = 10.0.40219.1
Project("{FAE04EC0-301F-11D3-BF4B-00C04F79EFBC}") = "Project X Frontend", "Project X Frontend\Project X Frontend.csproj", "{903FF816-5F00-4D4C-BCBB-9A0D6ABCC82B}"
EndProject
Global
	GlobalSection(SolutionConfigurationPlatforms) = preSolution
		Debug|Any CPU = Debug|Any CPU
		Release|Any CPU = Release|Any CPU
	EndGlobalSection
	GlobalSection(ProjectConfigurationPlatforms) = postSolution
		{903FF816-5F00-4D4C-BCBB-9A0D6ABCC82B}.Debug|Any CPU.ActiveCfg = Debug|Any CPU
		{903FF816-5F00-4D4C-BCBB-9A0D6ABCC82B}.Debug|Any CPU.Build.0 = Debug|Any CPU
		{903FF816-5F00-4D4C-BCBB-9A0D6ABCC82B}.Release|Any CPU.ActiveCfg = Release|Any CPU
		{903FF816-5F00-4D4C-BCBB-9A0D6ABCC82B}.Release|Any CPU.Build.0 = Release|Any CPU
	EndGlobalSection
	GlobalSection(SolutionProperties) = preSolution
		HideSolutionNode = FALSE
	EndGlobalSection
	GlobalSection(ExtensibilityGlobals) = postSolution
		SolutionGuid = {00CFCE6E-29CC-4E3B-B529-2DC745F8F541}
	EndGlobalSection
EndGlobal
